// !$*UTF8*$!
{
	archiveVersion = 1;
	classes = {
	};
	objectVersion = 48;
	objects = {

/* Begin PBXBuildFile section */
		C08467AB20471E20006AE7B1 /* AppDelegate.swift in Sources */ = {isa = PBXBuildFile; fileRef = C08467AA20471E20006AE7B1 /* AppDelegate.swift */; };
		C08467AD20471E20006AE7B1 /* ToDoListViewController.swift in Sources */ = {isa = PBXBuildFile; fileRef = C08467AC20471E20006AE7B1 /* ToDoListViewController.swift */; };
		C08467B020471E20006AE7B1 /* Main.storyboard in Resources */ = {isa = PBXBuildFile; fileRef = C08467AE20471E20006AE7B1 /* Main.storyboard */; };
		C08467B220471E20006AE7B1 /* Assets.xcassets in Resources */ = {isa = PBXBuildFile; fileRef = C08467B120471E20006AE7B1 /* Assets.xcassets */; };
		C08467B520471E20006AE7B1 /* LaunchScreen.storyboard in Resources */ = {isa = PBXBuildFile; fileRef = C08467B320471E20006AE7B1 /* LaunchScreen.storyboard */; };
		C0F02CA82049ACC30085A796 /* DataModel.xcdatamodeld in Sources */ = {isa = PBXBuildFile; fileRef = C0F02CA62049ACC30085A796 /* DataModel.xcdatamodeld */; };
/* End PBXBuildFile section */

/* Begin PBXFileReference section */
		C08467A720471E20006AE7B1 /* Todoey.app */ = {isa = PBXFileReference; explicitFileType = wrapper.application; includeInIndex = 0; path = Todoey.app; sourceTree = BUILT_PRODUCTS_DIR; };
		C08467AA20471E20006AE7B1 /* AppDelegate.swift */ = {isa = PBXFileReference; lastKnownFileType = sourcecode.swift; path = AppDelegate.swift; sourceTree = "<group>"; };
		C08467AC20471E20006AE7B1 /* ToDoListViewController.swift */ = {isa = PBXFileReference; lastKnownFileType = sourcecode.swift; path = ToDoListViewController.swift; sourceTree = "<group>"; };
		C08467AF20471E20006AE7B1 /* Base */ = {isa = PBXFileReference; lastKnownFileType = file.storyboard; name = Base; path = Base.lproj/Main.storyboard; sourceTree = "<group>"; };
		C08467B120471E20006AE7B1 /* Assets.xcassets */ = {isa = PBXFileReference; lastKnownFileType = folder.assetcatalog; path = Assets.xcassets; sourceTree = "<group>"; };
		C08467B420471E20006AE7B1 /* Base */ = {isa = PBXFileReference; lastKnownFileType = file.storyboard; name = Base; path = Base.lproj/LaunchScreen.storyboard; sourceTree = "<group>"; };
		C08467B620471E20006AE7B1 /* Info.plist */ = {isa = PBXFileReference; lastKnownFileType = text.plist.xml; path = Info.plist; sourceTree = "<group>"; };
		C0F02CA72049ACC30085A796 /* DataModel.xcdatamodel */ = {isa = PBXFileReference; lastKnownFileType = wrapper.xcdatamodel; path = DataModel.xcdatamodel; sourceTree = "<group>"; };
/* End PBXFileReference section */

/* Begin PBXFrameworksBuildPhase section */
		C08467A420471E20006AE7B1 /* Frameworks */ = {
			isa = PBXFrameworksBuildPhase;
			buildActionMask = 2147483647;
			files = (
			);
			runOnlyForDeploymentPostprocessing = 0;
		};
/* End PBXFrameworksBuildPhase section */

/* Begin PBXGroup section */
		C084679E20471E20006AE7B1 = {
			isa = PBXGroup;
			children = (
				C08467A920471E20006AE7B1 /* Todoey */,
				C08467A820471E20006AE7B1 /* Products */,
			);
			sourceTree = "<group>";
		};
		C08467A820471E20006AE7B1 /* Products */ = {
			isa = PBXGroup;
			children = (
				C08467A720471E20006AE7B1 /* Todoey.app */,
			);
			name = Products;
			sourceTree = "<group>";
		};
		C08467A920471E20006AE7B1 /* Todoey */ = {
			isa = PBXGroup;
			children = (
				C08467AA20471E20006AE7B1 /* AppDelegate.swift */,
				C0F8DB5E20489CCE000789C3 /* Controllers */,
				C0F8DB5F20489CDA000789C3 /* Models */,
				C0F8DB5D20489CBA000789C3 /* Views */,
				C0F8DB6020489D1B000789C3 /* Supporting Files */,
				C08467B620471E20006AE7B1 /* Info.plist */,
			);
			path = Todoey;
			sourceTree = "<group>";
		};
		C0F8DB5D20489CBA000789C3 /* Views */ = {
			isa = PBXGroup;
			children = (
				C08467AE20471E20006AE7B1 /* Main.storyboard */,
			);
			path = Views;
			sourceTree = "<group>";
		};
		C0F8DB5E20489CCE000789C3 /* Controllers */ = {
			isa = PBXGroup;
			children = (
				C08467AC20471E20006AE7B1 /* ToDoListViewController.swift */,
			);
			path = Controllers;
			sourceTree = "<group>";
		};
		C0F8DB5F20489CDA000789C3 /* Models */ = {
			isa = PBXGroup;
			children = (
				C0F02CA62049ACC30085A796 /* DataModel.xcdatamodeld */,
			);
			path = Models;
			sourceTree = "<group>";
		};
		C0F8DB6020489D1B000789C3 /* Supporting Files */ = {
			isa = PBXGroup;
			children = (
				C08467B120471E20006AE7B1 /* Assets.xcassets */,
				C08467B320471E20006AE7B1 /* LaunchScreen.storyboard */,
			);
			path = "Supporting Files";
			sourceTree = "<group>";
		};
/* End PBXGroup section */

/* Begin PBXNativeTarget section */
		C08467A620471E20006AE7B1 /* Todoey */ = {
			isa = PBXNativeTarget;
			buildConfigurationList = C08467B920471E20006AE7B1 /* Build configuration list for PBXNativeTarget "Todoey" */;
			buildPhases = (
				C08467A320471E20006AE7B1 /* Sources */,
				C08467A420471E20006AE7B1 /* Frameworks */,
				C08467A520471E20006AE7B1 /* Resources */,
			);
			buildRules = (
			);
			dependencies = (
			);
			name = Todoey;
			productName = Todoey;
			productReference = C08467A720471E20006AE7B1 /* Todoey.app */;
			productType = "com.apple.product-type.application";
		};
/* End PBXNativeTarget section */

/* Begin PBXProject section */
		C084679F20471E20006AE7B1 /* Project object */ = {
			isa = PBXProject;
			attributes = {
				LastSwiftUpdateCheck = 0920;
				LastUpgradeCheck = 0920;
				ORGANIZATIONNAME = "Keegan Jebb";
				TargetAttributes = {
					C08467A620471E20006AE7B1 = {
						CreatedOnToolsVersion = 9.2;
						ProvisioningStyle = Automatic;
					};
				};
			};
			buildConfigurationList = C08467A220471E20006AE7B1 /* Build configuration list for PBXProject "Todoey" */;
			compatibilityVersion = "Xcode 8.0";
			developmentRegion = en;
			hasScannedForEncodings = 0;
			knownRegions = (
				en,
				Base,
			);
			mainGroup = C084679E20471E20006AE7B1;
			productRefGroup = C08467A820471E20006AE7B1 /* Products */;
			projectDirPath = "";
			projectRoot = "";
			targets = (
				C08467A620471E20006AE7B1 /* Todoey */,
			);
		};
/* End PBXProject section */

/* Begin PBXResourcesBuildPhase section */
		C08467A520471E20006AE7B1 /* Resources */ = {
			isa = PBXResourcesBuildPhase;
			buildActionMask = 2147483647;
			files = (
				C08467B520471E20006AE7B1 /* LaunchScreen.storyboard in Resources */,
				C08467B220471E20006AE7B1 /* Assets.xcassets in Resources */,
				C08467B020471E20006AE7B1 /* Main.storyboard in Resources */,
			);
			runOnlyForDeploymentPostprocessing = 0;
		};
/* End PBXResourcesBuildPhase section */

/* Begin PBXSourcesBuildPhase section */
		C08467A320471E20006AE7B1 /* Sources */ = {
			isa = PBXSourcesBuildPhase;
			buildActionMask = 2147483647;
			files = (
				C0F02CA82049ACC30085A796 /* DataModel.xcdatamodeld in Sources */,
				C08467AD20471E20006AE7B1 /* ToDoListViewController.swift in Sources */,
				C08467AB20471E20006AE7B1 /* AppDelegate.swift in Sources */,
			);
			runOnlyForDeploymentPostprocessing = 0;
		};
/* End PBXSourcesBuildPhase section */

/* Begin PBXVariantGroup section */
		C08467AE20471E20006AE7B1 /* Main.storyboard */ = {
			isa = PBXVariantGroup;
			children = (
				C08467AF20471E20006AE7B1 /* Base */,
			);
			name = Main.storyboard;
			sourceTree = "<group>";
		};
		C08467B320471E20006AE7B1 /* LaunchScreen.storyboard */ = {
			isa = PBXVariantGroup;
			children = (
				C08467B420471E20006AE7B1 /* Base */,
			);
			name = LaunchScreen.storyboard;
			sourceTree = "<group>";
		};
/* End PBXVariantGroup section */

/* Begin XCBuildConfiguration section */
		C08467B720471E20006AE7B1 /* Debug */ = {
			isa = XCBuildConfiguration;
			buildSettings = {
				ALWAYS_SEARCH_USER_PATHS = NO;
				CLANG_ANALYZER_NONNULL = YES;
				CLANG_ANALYZER_NUMBER_OBJECT_CONVERSION = YES_AGGRESSIVE;
				CLANG_CXX_LANGUAGE_STANDARD = "gnu++14";
				CLANG_CXX_LIBRARY = "libc++";
				CLANG_ENABLE_MODULES = YES;
				CLANG_ENABLE_OBJC_ARC = YES;
				CLANG_WARN_BLOCK_CAPTURE_AUTORELEASING = YES;
				CLANG_WARN_BOOL_CONVERSION = YES;
				CLANG_WARN_COMMA = YES;
				CLANG_WARN_CONSTANT_CONVERSION = YES;
				CLANG_WARN_DIRECT_OBJC_ISA_USAGE = YES_ERROR;
				CLANG_WARN_DOCUMENTATION_COMMENTS = YES;
				CLANG_WARN_EMPTY_BODY = YES;
				CLANG_WARN_ENUM_CONVERSION = YES;
				CLANG_WARN_INFINITE_RECURSION = YES;
				CLANG_WARN_INT_CONVERSION = YES;
				CLANG_WARN_NON_LITERAL_NULL_CONVERSION = YES;
				CLANG_WARN_OBJC_LITERAL_CONVERSION = YES;
				CLANG_WARN_OBJC_ROOT_CLASS = YES_ERROR;
				CLANG_WARN_RANGE_LOOP_ANALYSIS = YES;
				CLANG_WARN_STRICT_PROTOTYPES = YES;
				CLANG_WARN_SUSPICIOUS_MOVE = YES;
				CLANG_WARN_UNGUARDED_AVAILABILITY = YES_AGGRESSIVE;
				CLANG_WARN_UNREACHABLE_CODE = YES;
				CLANG_WARN__DUPLICATE_METHOD_MATCH = YES;
				CODE_SIGN_IDENTITY = "iPhone Developer";
				COPY_PHASE_STRIP = NO;
				DEBUG_INFORMATION_FORMAT = dwarf;
				ENABLE_STRICT_OBJC_MSGSEND = YES;
				ENABLE_TESTABILITY = YES;
				GCC_C_LANGUAGE_STANDARD = gnu11;
				GCC_DYNAMIC_NO_PIC = NO;
				GCC_NO_COMMON_BLOCKS = YES;
				GCC_OPTIMIZATION_LEVEL = 0;
				GCC_PREPROCESSOR_DEFINITIONS = (
					"DEBUG=1",
					"$(inherited)",
				);
				GCC_WARN_64_TO_32_BIT_CONVERSION = YES;
				GCC_WARN_ABOUT_RETURN_TYPE = YES_ERROR;
				GCC_WARN_UNDECLARED_SELECTOR = YES;
				GCC_WARN_UNINITIALIZED_AUTOS = YES_AGGRESSIVE;
				GCC_WARN_UNUSED_FUNCTION = YES;
				GCC_WARN_UNUSED_VARIABLE = YES;
				IPHONEOS_DEPLOYMENT_TARGET = 11.2;
				MTL_ENABLE_DEBUG_INFO = YES;
				ONLY_ACTIVE_ARCH = YES;
				SDKROOT = iphoneos;
				SWIFT_ACTIVE_COMPILATION_CONDITIONS = DEBUG;
				SWIFT_OPTIMIZATION_LEVEL = "-Onone";
			};
			name = Debug;
		};
		C08467B820471E20006AE7B1 /* Release */ = {
			isa = XCBuildConfiguration;
			buildSettings = {
				ALWAYS_SEARCH_USER_PATHS = NO;
				CLANG_ANALYZER_NONNULL = YES;
				CLANG_ANALYZER_NUMBER_OBJECT_CONVERSION = YES_AGGRESSIVE;
				CLANG_CXX_LANGUAGE_STANDARD = "gnu++14";
				CLANG_CXX_LIBRARY = "libc++";
				CLANG_ENABLE_MODULES = YES;
				CLANG_ENABLE_OBJC_ARC = YES;
				CLANG_WARN_BLOCK_CAPTURE_AUTORELEASING = YES;
				CLANG_WARN_BOOL_CONVERSION = YES;
				CLANG_WARN_COMMA = YES;
				CLANG_WARN_CONSTANT_CONVERSION = YES;
				CLANG_WARN_DIRECT_OBJC_ISA_USAGE = YES_ERROR;
				CLANG_WARN_DOCUMENTATION_COMMENTS = YES;
				CLANG_WARN_EMPTY_BODY = YES;
				CLANG_WARN_ENUM_CONVERSION = YES;
				CLANG_WARN_INFINITE_RECURSION = YES;
				CLANG_WARN_INT_CONVERSION = YES;
				CLANG_WARN_NON_LITERAL_NULL_CONVERSION = YES;
				CLANG_WARN_OBJC_LITERAL_CONVERSION = YES;
				CLANG_WARN_OBJC_ROOT_CLASS = YES_ERROR;
				CLANG_WARN_RANGE_LOOP_ANALYSIS = YES;
				CLANG_WARN_STRICT_PROTOTYPES = YES;
				CLANG_WARN_SUSPICIOUS_MOVE = YES;
				CLANG_WARN_UNGUARDED_AVAILABILITY = YES_AGGRESSIVE;
				CLANG_WARN_UNREACHABLE_CODE = YES;
				CLANG_WARN__DUPLICATE_METHOD_MATCH = YES;
				CODE_SIGN_IDENTITY = "iPhone Developer";
				COPY_PHASE_STRIP = NO;
				DEBUG_INFORMATION_FORMAT = "dwarf-with-dsym";
				ENABLE_NS_ASSERTIONS = NO;
				ENABLE_STRICT_OBJC_MSGSEND = YES;
				GCC_C_LANGUAGE_STANDARD = gnu11;
				GCC_NO_COMMON_BLOCKS = YES;
				GCC_WARN_64_TO_32_BIT_CONVERSION = YES;
				GCC_WARN_ABOUT_RETURN_TYPE = YES_ERROR;
				GCC_WARN_UNDECLARED_SELECTOR = YES;
				GCC_WARN_UNINITIALIZED_AUTOS = YES_AGGRESSIVE;
				GCC_WARN_UNUSED_FUNCTION = YES;
				GCC_WARN_UNUSED_VARIABLE = YES;
				IPHONEOS_DEPLOYMENT_TARGET = 11.2;
				MTL_ENABLE_DEBUG_INFO = NO;
				SDKROOT = iphoneos;
				SWIFT_OPTIMIZATION_LEVEL = "-Owholemodule";
				VALIDATE_PRODUCT = YES;
			};
			name = Release;
		};
		C08467BA20471E20006AE7B1 /* Debug */ = {
			isa = XCBuildConfiguration;
			buildSettings = {
				ASSETCATALOG_COMPILER_APPICON_NAME = AppIcon;
				CODE_SIGN_STYLE = Automatic;
				DEVELOPMENT_TEAM = 2JPWAR9WBR;
				INFOPLIST_FILE = Todoey/Info.plist;
				LD_RUNPATH_SEARCH_PATHS = "$(inherited) @executable_path/Frameworks";
				PRODUCT_BUNDLE_IDENTIFIER = com.keeganjebb.Todoey;
				PRODUCT_NAME = "$(TARGET_NAME)";
				SWIFT_VERSION = 4.0;
				TARGETED_DEVICE_FAMILY = "1,2";
			};
			name = Debug;
		};
		C08467BB20471E20006AE7B1 /* Release */ = {
			isa = XCBuildConfiguration;
			buildSettings = {
				ASSETCATALOG_COMPILER_APPICON_NAME = AppIcon;
				CODE_SIGN_STYLE = Automatic;
				DEVELOPMENT_TEAM = 2JPWAR9WBR;
				INFOPLIST_FILE = Todoey/Info.plist;
				LD_RUNPATH_SEARCH_PATHS = "$(inherited) @executable_path/Frameworks";
				PRODUCT_BUNDLE_IDENTIFIER = com.keeganjebb.Todoey;
				PRODUCT_NAME = "$(TARGET_NAME)";
				SWIFT_VERSION = 4.0;
				TARGETED_DEVICE_FAMILY = "1,2";
			};
			name = Release;
		};
/* End XCBuildConfiguration section */

/* Begin XCConfigurationList section */
		C08467A220471E20006AE7B1 /* Build configuration list for PBXProject "Todoey" */ = {
			isa = XCConfigurationList;
			buildConfigurations = (
				C08467B720471E20006AE7B1 /* Debug */,
				C08467B820471E20006AE7B1 /* Release */,
			);
			defaultConfigurationIsVisible = 0;
			defaultConfigurationName = Release;
		};
		C08467B920471E20006AE7B1 /* Build configuration list for PBXNativeTarget "Todoey" */ = {
			isa = XCConfigurationList;
			buildConfigurations = (
				C08467BA20471E20006AE7B1 /* Debug */,
				C08467BB20471E20006AE7B1 /* Release */,
			);
			defaultConfigurationIsVisible = 0;
			defaultConfigurationName = Release;
		};
/* End XCConfigurationList section */

/* Begin XCVersionGroup section */
		C0F02CA62049ACC30085A796 /* DataModel.xcdatamodeld */ = {
			isa = XCVersionGroup;
			children = (
				C0F02CA72049ACC30085A796 /* DataModel.xcdatamodel */,
			);
			currentVersion = C0F02CA72049ACC30085A796 /* DataModel.xcdatamodel */;
			path = DataModel.xcdatamodeld;
			sourceTree = "<group>";
			versionGroupType = wrapper.xcdatamodel;
		};
/* End XCVersionGroup section */
	};
	rootObject = C084679F20471E20006AE7B1 /* Project object */;
}
